{
  "name": "amel",
  "version": "0.0.0",
  "lockfileVersion": 3,
  "requires": true,
  "packages": {
    "": {
      "name": "amel",
      "version": "0.0.0",
      "dependencies": {
        "@emailjs/browser": "^4.4.1",
        "@supabase/supabase-js": "^2.57.4",
        "lucide-react": "^0.446.0",
        "react": "^18.3.1",
        "react-dom": "^18.3.1"
      },
      "devDependencies": {
        "@eslint/js": "^9.9.1",
        "@types/react": "^18.3.5"
      }
    },
    "node_modules/@emailjs/browser": {
      "version": "4.4.1",
      "resolved": "https://registry.npmjs.org/@emailjs/browser/-/browser-4.4.1.tgz",
      "integrity": "sha512-5k7SKxxv4bxXf7qNK+5W718x8TnzD3YxW5bsusMCGRjGsE/W6z5L/V1JnmzASj3wVw0Q19+J4r7WjM2TjS0+aQ==",
      "engines": {
        "node": ">=v8.0.0"
      }
    }
  }
}
